{
  "name": "scaleflexTEST",
  "lockfileVersion": 2,
  "requires": true,
  "packages": {
    "": {
      "dependencies": {
        "js-cloudimage-responsive": "^4.8.4"
      }
    },
    "node_modules/blurhash": {
      "version": "1.1.4",
      "resolved": "https://registry.npmjs.org/blurhash/-/blurhash-1.1.4.tgz",
      "integrity": "sha512-MXIPz6zwYUKayju+Uidf83KhH0vodZfeRl6Ich8Gu+KGl0JgKiFq9LsfqV7cVU5fKD/AotmduZqvOfrGKOfTaA=="
    },
    "node_modules/cloudimage-responsive-utils": {
      "version": "2.4.2",
      "resolved": "https://registry.npmjs.org/cloudimage-responsive-utils/-/cloudimage-responsive-utils-2.4.2.tgz",
      "integrity": "sha512-6xmU2r2Mp/lKDrkmjNaBqJlktrjrP7/b98sVZViauhSu+s6PB6/6dHiaxBenTxtBcHBa+btjdLqrda6Clj3Stg=="
    },
    "node_modules/core-js": {
      "version": "3.20.2",
      "resolved": "https://registry.npmjs.org/core-js/-/core-js-3.20.2.tgz",
      "integrity": "sha512-nuqhq11DcOAbFBV4zCbKeGbKQsUDRqTX0oqx7AttUBuqe3h20ixsE039QHelbL6P4h+9kytVqyEtyZ6gsiwEYw==",
      "hasInstallScript": true,
      "funding": {
        "type": "opencollective",
        "url": "https://opencollective.com/core-js"
      }
    },
    "node_modules/js-cloudimage-responsive": {
      "version": "4.8.4",
      "resolved": "https://registry.npmjs.org/js-cloudimage-responsive/-/js-cloudimage-responsive-4.8.4.tgz",
      "integrity": "sha512-ljMEbLmkXLMAG0efyPP6/avQZIKvyfxwirE9FXqU2eWpOOcJry1jc7261din12QHfr79GvZTtRLUkbD9CAnDiw==",
      "dependencies": {
        "blurhash": "^1.1.3",
        "cloudimage-responsive-utils": "^2.4.2",
        "core-js": "^3.15.2",
        "throttle-debounce": "^2.1.0"
      }
    },
    "node_modules/throttle-debounce": {
      "version": "2.3.0",
      "resolved": "https://registry.npmjs.org/throttle-debounce/-/throttle-debounce-2.3.0.tgz",
      "integrity": "sha512-H7oLPV0P7+jgvrk+6mwwwBDmxTaxnu9HMXmloNLXwnNO0ZxZ31Orah2n8lU1eMPvsaowP2CX+USCgyovXfdOFQ==",
      "engines": {
        "node": ">=8"
      }
    }
  },
  "dependencies": {
    "blurhash": {
      "version": "1.1.4",
      "resolved": "https://registry.npmjs.org/blurhash/-/blurhash-1.1.4.tgz",
      "integrity": "sha512-MXIPz6zwYUKayju+Uidf83KhH0vodZfeRl6Ich8Gu+KGl0JgKiFq9LsfqV7cVU5fKD/AotmduZqvOfrGKOfTaA=="
    },
    "cloudimage-responsive-utils": {
      "version": "2.4.2",
      "resolved": "https://registry.npmjs.org/cloudimage-responsive-utils/-/cloudimage-responsive-utils-2.4.2.tgz",
      "integrity": "sha512-6xmU2r2Mp/lKDrkmjNaBqJlktrjrP7/b98sVZViauhSu+s6PB6/6dHiaxBenTxtBcHBa+btjdLqrda6Clj3Stg=="
    },
    "core-js": {
      "version": "3.20.2",
      "resolved": "https://registry.npmjs.org/core-js/-/core-js-3.20.2.tgz",
      "integrity": "sha512-nuqhq11DcOAbFBV4zCbKeGbKQsUDRqTX0oqx7AttUBuqe3h20ixsE039QHelbL6P4h+9kytVqyEtyZ6gsiwEYw=="
    },
    "js-cloudimage-responsive": {
      "version": "4.8.4",
      "resolved": "https://registry.npmjs.org/js-cloudimage-responsive/-/js-cloudimage-responsive-4.8.4.tgz",
      "integrity": "sha512-ljMEbLmkXLMAG0efyPP6/avQZIKvyfxwirE9FXqU2eWpOOcJry1jc7261din12QHfr79GvZTtRLUkbD9CAnDiw==",
      "requires": {
        "blurhash": "^1.1.3",
        "cloudimage-responsive-utils": "^2.4.2",
        "core-js": "^3.15.2",
        "throttle-debounce": "^2.1.0"
      }
    },
    "throttle-debounce": {
      "version": "2.3.0",
      "resolved": "https://registry.npmjs.org/throttle-debounce/-/throttle-debounce-2.3.0.tgz",
      "integrity": "sha512-H7oLPV0P7+jgvrk+6mwwwBDmxTaxnu9HMXmloNLXwnNO0ZxZ31Orah2n8lU1eMPvsaowP2CX+USCgyovXfdOFQ=="
    }
  }
}
